
Microsoft Visual Studio Solution File, Format Version 12.00
# Visual Studio 15
Project("{FAE04EC0-301F-11D3-BF4B-00C04F79EFBC}") = "Assembly-CSharp", "Assembly-CSharp.csproj", "{6DB3FC3F-96C2-2A2A-62E2-33B6643F913B}"
EndProject
Project("{FAE04EC0-301F-11D3-BF4B-00C04F79EFBC}") = "Assembly-CSharp-Editor", "Assembly-CSharp-Editor.csproj", "{EBD2187D-9E98-C56F-A816-6D9CBA721A12}"
EndProject
Global
	GlobalSection(SolutionConfigurationPlatforms) = preSolution
		Debug|Any CPU = Debug|Any CPU
		Release|Any CPU = Release|Any CPU
	EndGlobalSection
	GlobalSection(ProjectConfigurationPlatforms) = postSolution
		{6DB3FC3F-96C2-2A2A-62E2-33B6643F913B}.Debug|Any CPU.ActiveCfg = Debug|Any CPU
		{6DB3FC3F-96C2-2A2A-62E2-33B6643F913B}.Debug|Any CPU.Build.0 = Debug|Any CPU
		{6DB3FC3F-96C2-2A2A-62E2-33B6643F913B}.Release|Any CPU.ActiveCfg = Release|Any CPU
		{6DB3FC3F-96C2-2A2A-62E2-33B6643F913B}.Release|Any CPU.Build.0 = Release|Any CPU
		{EBD2187D-9E98-C56F-A816-6D9CBA721A12}.Debug|Any CPU.ActiveCfg = Debug|Any CPU
		{EBD2187D-9E98-C56F-A816-6D9CBA721A12}.Debug|Any CPU.Build.0 = Debug|Any CPU
		{EBD2187D-9E98-C56F-A816-6D9CBA721A12}.Release|Any CPU.ActiveCfg = Release|Any CPU
		{EBD2187D-9E98-C56F-A816-6D9CBA721A12}.Release|Any CPU.Build.0 = Release|Any CPU
	EndGlobalSection
	GlobalSection(SolutionProperties) = preSolution
		HideSolutionNode = FALSE
	EndGlobalSection
	GlobalSection(MonoDevelopProperties) = preSolution
		StartupItem = Assembly-CSharp.csproj
	EndGlobalSection
EndGlobal
